{
  "name": "desktopJS",
  "version": "0.0.0",
  "lockfileVersion": 2,
  "requires": true,
  "packages": {
    "": {
      "name": "desktopJS",
      "version": "0.0.0",
      "dependencies": {
        "@morgan-stanley/desktopjs": "^3.11.0",
        "@morgan-stanley/desktopjs-electron": "^3.11.0"
      }
    },
    "node_modules/@morgan-stanley/desktopjs": {
      "version": "3.11.0",
      "resolved": "https://registry.npmjs.org/@morgan-stanley/desktopjs/-/desktopjs-3.11.0.tgz",
      "integrity": "sha512-fpPDqUMka9vhzzYTnmF+oTz09UYPtrpkVmLqHMKh9Px/13Pogz73cPqG8i+1h6Bd9N5ky1SxJz15sNtRT+/Onw=="
    },
    "node_modules/@morgan-stanley/desktopjs-electron": {
      "version": "3.11.0",
      "resolved": "https://registry.npmjs.org/@morgan-stanley/desktopjs-electron/-/desktopjs-electron-3.11.0.tgz",
      "integrity": "sha512-XuCmX8qu0FPo2qoWUVQvxmr1f2ZWqKS6CICfOqWLIn5AaLg/7BwSQDzzD0XQXTJOIAyUXVfcsH0DbxCVk7irMg=="
    }
  },
  "dependencies": {
    "@morgan-stanley/desktopjs": {
      "version": "3.11.0",
      "resolved": "https://registry.npmjs.org/@morgan-stanley/desktopjs/-/desktopjs-3.11.0.tgz",
      "integrity": "sha512-fpPDqUMka9vhzzYTnmF+oTz09UYPtrpkVmLqHMKh9Px/13Pogz73cPqG8i+1h6Bd9N5ky1SxJz15sNtRT+/Onw=="
    },
    "@morgan-stanley/desktopjs-electron": {
      "version": "3.11.0",
      "resolved": "https://registry.npmjs.org/@morgan-stanley/desktopjs-electron/-/desktopjs-electron-3.11.0.tgz",
      "integrity": "sha512-XuCmX8qu0FPo2qoWUVQvxmr1f2ZWqKS6CICfOqWLIn5AaLg/7BwSQDzzD0XQXTJOIAyUXVfcsH0DbxCVk7irMg=="
    }
  }
}
